// !$*UTF8*$!
{
	archiveVersion = 1;
	classes = {
	};
	objectVersion = 55;
	objects = {

/* Begin PBXBuildFile section */
		97001AEA2795DE0400AFE64A /* WindowAlert.cpp in Sources */ = {isa = PBXBuildFile; fileRef = 97001AE82795DE0400AFE64A /* WindowAlert.cpp */; };
		9712D4D0278EE89F0098AA5C /* GameManager.cpp in Sources */ = {isa = PBXBuildFile; fileRef = 9712D4CE278EE89F0098AA5C /* GameManager.cpp */; };
		97143F432788662F009DCB69 /* WindowBowling.cpp in Sources */ = {isa = PBXBuildFile; fileRef = 97143F412788662F009DCB69 /* WindowBowling.cpp */; };
		97143F4627887F39009DCB69 /* CameraFeed.cpp in Sources */ = {isa = PBXBuildFile; fileRef = 97143F4427887F39009DCB69 /* CameraFeed.cpp */; };
		97143F482788D277009DCB69 /* Constants.cpp in Sources */ = {isa = PBXBuildFile; fileRef = 97143F472788D276009DCB69 /* Constants.cpp */; };
		97143F4B27898C57009DCB69 /* WindowWelcome.cpp in Sources */ = {isa = PBXBuildFile; fileRef = 97143F4927898C57009DCB69 /* WindowWelcome.cpp */; };
		977B7B142719B5A000689448 /* main.cpp in Sources */ = {isa = PBXBuildFile; fileRef = 977B7B132719B5A000689448 /* main.cpp */; };
		97B2D3A42799C04C004FC37E /* FilterFromHSV.cpp in Sources */ = {isa = PBXBuildFile; fileRef = 97B2D3A22799C04C004FC37E /* FilterFromHSV.cpp */; };
/* End PBXBuildFile section */

/* Begin PBXCopyFilesBuildPhase section */
		977B7B0E2719B5A000689448 /* CopyFiles */ = {
			isa = PBXCopyFilesBuildPhase;
			buildActionMask = 2147483647;
			dstPath = /usr/share/man/man1/;
			dstSubfolderSpec = 0;
			files = (
			);
			runOnlyForDeploymentPostprocessing = 1;
		};
/* End PBXCopyFilesBuildPhase section */

/* Begin PBXFileReference section */
		97001AE82795DE0400AFE64A /* WindowAlert.cpp */ = {isa = PBXFileReference; lastKnownFileType = sourcecode.cpp.cpp; path = WindowAlert.cpp; sourceTree = "<group>"; };
		97001AE92795DE0400AFE64A /* WindowAlert.hpp */ = {isa = PBXFileReference; lastKnownFileType = sourcecode.cpp.h; path = WindowAlert.hpp; sourceTree = "<group>"; };
		9712D4CE278EE89F0098AA5C /* GameManager.cpp */ = {isa = PBXFileReference; lastKnownFileType = sourcecode.cpp.cpp; path = GameManager.cpp; sourceTree = "<group>"; };
		9712D4CF278EE89F0098AA5C /* GameManager.hpp */ = {isa = PBXFileReference; lastKnownFileType = sourcecode.cpp.h; path = GameManager.hpp; sourceTree = "<group>"; };
		97143F3E2785C50F009DCB69 /* Info.plist */ = {isa = PBXFileReference; lastKnownFileType = text.plist.xml; path = Info.plist; sourceTree = "<group>"; };
		97143F412788662F009DCB69 /* WindowBowling.cpp */ = {isa = PBXFileReference; lastKnownFileType = sourcecode.cpp.cpp; path = WindowBowling.cpp; sourceTree = "<group>"; };
		97143F422788662F009DCB69 /* WindowBowling.hpp */ = {isa = PBXFileReference; lastKnownFileType = sourcecode.cpp.h; path = WindowBowling.hpp; sourceTree = "<group>"; };
		97143F4427887F39009DCB69 /* CameraFeed.cpp */ = {isa = PBXFileReference; lastKnownFileType = sourcecode.cpp.cpp; path = CameraFeed.cpp; sourceTree = "<group>"; };
		97143F4527887F39009DCB69 /* CameraFeed.hpp */ = {isa = PBXFileReference; lastKnownFileType = sourcecode.cpp.h; path = CameraFeed.hpp; sourceTree = "<group>"; };
		97143F472788D276009DCB69 /* Constants.cpp */ = {isa = PBXFileReference; lastKnownFileType = sourcecode.cpp.cpp; path = Constants.cpp; sourceTree = "<group>"; };
		97143F4927898C57009DCB69 /* WindowWelcome.cpp */ = {isa = PBXFileReference; lastKnownFileType = sourcecode.cpp.cpp; path = WindowWelcome.cpp; sourceTree = "<group>"; };
		97143F4A27898C57009DCB69 /* WindowWelcome.hpp */ = {isa = PBXFileReference; lastKnownFileType = sourcecode.cpp.h; path = WindowWelcome.hpp; sourceTree = "<group>"; };
		977B7B102719B5A000689448 /* TestOpenCV */ = {isa = PBXFileReference; explicitFileType = "compiled.mach-o.executable"; includeInIndex = 0; path = TestOpenCV; sourceTree = BUILT_PRODUCTS_DIR; };
		977B7B132719B5A000689448 /* main.cpp */ = {isa = PBXFileReference; lastKnownFileType = sourcecode.cpp.cpp; path = main.cpp; sourceTree = "<group>"; };
		97B2D3A22799C04C004FC37E /* FilterFromHSV.cpp */ = {isa = PBXFileReference; lastKnownFileType = sourcecode.cpp.cpp; path = FilterFromHSV.cpp; sourceTree = "<group>"; };
		97B2D3A32799C04C004FC37E /* FilterFromHSV.hpp */ = {isa = PBXFileReference; lastKnownFileType = sourcecode.cpp.h; path = FilterFromHSV.hpp; sourceTree = "<group>"; };
/* End PBXFileReference section */

/* Begin PBXFrameworksBuildPhase section */
		977B7B0D2719B5A000689448 /* Frameworks */ = {
			isa = PBXFrameworksBuildPhase;
			buildActionMask = 2147483647;
			files = (
			);
			runOnlyForDeploymentPostprocessing = 0;
		};
/* End PBXFrameworksBuildPhase section */

/* Begin PBXGroup section */
		9712D4CD278EE8630098AA5C /* logic */ = {
			isa = PBXGroup;
			children = (
				9712D4CE278EE89F0098AA5C /* GameManager.cpp */,
				9712D4CF278EE89F0098AA5C /* GameManager.hpp */,
			);
			path = logic;
			sourceTree = "<group>";
		};
		97143F40278865DF009DCB69 /* ui */ = {
			isa = PBXGroup;
			children = (
				97143F4427887F39009DCB69 /* CameraFeed.cpp */,
				97143F4527887F39009DCB69 /* CameraFeed.hpp */,
				97143F412788662F009DCB69 /* WindowBowling.cpp */,
				97143F422788662F009DCB69 /* WindowBowling.hpp */,
				97143F4927898C57009DCB69 /* WindowWelcome.cpp */,
				97143F4A27898C57009DCB69 /* WindowWelcome.hpp */,
				97001AE82795DE0400AFE64A /* WindowAlert.cpp */,
				97001AE92795DE0400AFE64A /* WindowAlert.hpp */,
			);
			path = ui;
			sourceTree = "<group>";
		};
		977B7B072719B5A000689448 = {
			isa = PBXGroup;
			children = (
				977B7B122719B5A000689448 /* TestOpenCV */,
				977B7B112719B5A000689448 /* Products */,
			);
			sourceTree = "<group>";
		};
		977B7B112719B5A000689448 /* Products */ = {
			isa = PBXGroup;
			children = (
				977B7B102719B5A000689448 /* TestOpenCV */,
			);
			name = Products;
			sourceTree = "<group>";
		};
		977B7B122719B5A000689448 /* TestOpenCV */ = {
			isa = PBXGroup;
			children = (
				97B2D3A12799C02F004FC37E /* test */,
				9712D4CD278EE8630098AA5C /* logic */,
				97143F40278865DF009DCB69 /* ui */,
				977B7B132719B5A000689448 /* main.cpp */,
				97143F3E2785C50F009DCB69 /* Info.plist */,
				97143F472788D276009DCB69 /* Constants.cpp */,
			);
			path = TestOpenCV;
			sourceTree = "<group>";
		};
		97B2D3A12799C02F004FC37E /* test */ = {
			isa = PBXGroup;
			children = (
				97B2D3A22799C04C004FC37E /* FilterFromHSV.cpp */,
				97B2D3A32799C04C004FC37E /* FilterFromHSV.hpp */,
			);
			path = test;
			sourceTree = "<group>";
		};
/* End PBXGroup section */

/* Begin PBXNativeTarget section */
		977B7B0F2719B5A000689448 /* TestOpenCV */ = {
			isa = PBXNativeTarget;
			buildConfigurationList = 977B7B172719B5A000689448 /* Build configuration list for PBXNativeTarget "TestOpenCV" */;
			buildPhases = (
				977B7B0C2719B5A000689448 /* Sources */,
				977B7B0D2719B5A000689448 /* Frameworks */,
				977B7B0E2719B5A000689448 /* CopyFiles */,
				97143F3F27860944009DCB69 /* Copy Info.plist */,
			);
			buildRules = (
			);
			dependencies = (
			);
			name = TestOpenCV;
			productName = TestOpenCV;
			productReference = 977B7B102719B5A000689448 /* TestOpenCV */;
			productType = "com.apple.product-type.tool";
		};
/* End PBXNativeTarget section */

/* Begin PBXProject section */
		977B7B082719B5A000689448 /* Project object */ = {
			isa = PBXProject;
			attributes = {
				BuildIndependentTargetsInParallel = 1;
				LastUpgradeCheck = 1300;
				TargetAttributes = {
					977B7B0F2719B5A000689448 = {
						CreatedOnToolsVersion = 13.0;
					};
				};
			};
			buildConfigurationList = 977B7B0B2719B5A000689448 /* Build configuration list for PBXProject "TestOpenCV" */;
			compatibilityVersion = "Xcode 13.0";
			developmentRegion = en;
			hasScannedForEncodings = 0;
			knownRegions = (
				en,
				Base,
			);
			mainGroup = 977B7B072719B5A000689448;
			productRefGroup = 977B7B112719B5A000689448 /* Products */;
			projectDirPath = "";
			projectRoot = "";
			targets = (
				977B7B0F2719B5A000689448 /* TestOpenCV */,
			);
		};
/* End PBXProject section */

/* Begin PBXShellScriptBuildPhase section */
		97143F3F27860944009DCB69 /* Copy Info.plist */ = {
			isa = PBXShellScriptBuildPhase;
			buildActionMask = 2147483647;
			files = (
			);
			inputFileListPaths = (
			);
			inputPaths = (
			);
			name = "Copy Info.plist";
			outputFileListPaths = (
			);
			outputPaths = (
			);
			runOnlyForDeploymentPostprocessing = 0;
			shellPath = /bin/sh;
			shellScript = "cp ${PROJECT_DIR}/${INFOPLIST_FILE} ${CONFIGURATION_BUILD_DIR}/\n";
		};
/* End PBXShellScriptBuildPhase section */

/* Begin PBXSourcesBuildPhase section */
		977B7B0C2719B5A000689448 /* Sources */ = {
			isa = PBXSourcesBuildPhase;
			buildActionMask = 2147483647;
			files = (
				97143F432788662F009DCB69 /* WindowBowling.cpp in Sources */,
				9712D4D0278EE89F0098AA5C /* GameManager.cpp in Sources */,
				97001AEA2795DE0400AFE64A /* WindowAlert.cpp in Sources */,
				97143F4B27898C57009DCB69 /* WindowWelcome.cpp in Sources */,
				97143F4627887F39009DCB69 /* CameraFeed.cpp in Sources */,
				97B2D3A42799C04C004FC37E /* FilterFromHSV.cpp in Sources */,
				977B7B142719B5A000689448 /* main.cpp in Sources */,
				97143F482788D277009DCB69 /* Constants.cpp in Sources */,
			);
			runOnlyForDeploymentPostprocessing = 0;
		};
/* End PBXSourcesBuildPhase section */

/* Begin XCBuildConfiguration section */
		977B7B152719B5A000689448 /* Debug */ = {
			isa = XCBuildConfiguration;
			buildSettings = {
				ALWAYS_SEARCH_USER_PATHS = NO;
				CLANG_ANALYZER_NONNULL = YES;
				CLANG_ANALYZER_NUMBER_OBJECT_CONVERSION = YES_AGGRESSIVE;
				CLANG_CXX_LANGUAGE_STANDARD = "gnu++17";
				CLANG_CXX_LIBRARY = "libc++";
				CLANG_ENABLE_MODULES = YES;
				CLANG_ENABLE_OBJC_ARC = YES;
				CLANG_ENABLE_OBJC_WEAK = YES;
				CLANG_WARN_BLOCK_CAPTURE_AUTORELEASING = YES;
				CLANG_WARN_BOOL_CONVERSION = YES;
				CLANG_WARN_COMMA = YES;
				CLANG_WARN_CONSTANT_CONVERSION = YES;
				CLANG_WARN_DEPRECATED_OBJC_IMPLEMENTATIONS = YES;
				CLANG_WARN_DIRECT_OBJC_ISA_USAGE = YES_ERROR;
				CLANG_WARN_DOCUMENTATION_COMMENTS = YES;
				CLANG_WARN_EMPTY_BODY = YES;
				CLANG_WARN_ENUM_CONVERSION = YES;
				CLANG_WARN_INFINITE_RECURSION = YES;
				CLANG_WARN_INT_CONVERSION = YES;
				CLANG_WARN_NON_LITERAL_NULL_CONVERSION = YES;
				CLANG_WARN_OBJC_IMPLICIT_RETAIN_SELF = YES;
				CLANG_WARN_OBJC_LITERAL_CONVERSION = YES;
				CLANG_WARN_OBJC_ROOT_CLASS = YES_ERROR;
				CLANG_WARN_QUOTED_INCLUDE_IN_FRAMEWORK_HEADER = YES;
				CLANG_WARN_RANGE_LOOP_ANALYSIS = YES;
				CLANG_WARN_STRICT_PROTOTYPES = YES;
				CLANG_WARN_SUSPICIOUS_MOVE = YES;
				CLANG_WARN_UNGUARDED_AVAILABILITY = YES_AGGRESSIVE;
				CLANG_WARN_UNREACHABLE_CODE = YES;
				CLANG_WARN__DUPLICATE_METHOD_MATCH = YES;
				COPY_PHASE_STRIP = NO;
				CREATE_INFOPLIST_SECTION_IN_BINARY = YES;
				DEBUG_INFORMATION_FORMAT = dwarf;
				ENABLE_STRICT_OBJC_MSGSEND = YES;
				ENABLE_TESTABILITY = YES;
				GCC_C_LANGUAGE_STANDARD = gnu11;
				GCC_DYNAMIC_NO_PIC = NO;
				GCC_NO_COMMON_BLOCKS = YES;
				GCC_OPTIMIZATION_LEVEL = 0;
				GCC_PREPROCESSOR_DEFINITIONS = (
					"DEBUG=1",
					"$(inherited)",
				);
				GCC_WARN_64_TO_32_BIT_CONVERSION = YES;
				GCC_WARN_ABOUT_RETURN_TYPE = YES_ERROR;
				GCC_WARN_UNDECLARED_SELECTOR = YES;
				GCC_WARN_UNINITIALIZED_AUTOS = YES_AGGRESSIVE;
				GCC_WARN_UNUSED_FUNCTION = YES;
				GCC_WARN_UNUSED_VARIABLE = YES;
				HEADER_SEARCH_PATHS = "/usr/local/Cellar/opencv/4.5.4_1/include/**";
				INFOPLIST_FILE = TestOpenCV/Info.plist;
				"LIBRARY_SEARCH_PATHS[arch=*]" = "/usr/local/Cellar/opencv/4.5.3_2/lib/**";
				MACOSX_DEPLOYMENT_TARGET = 11.3;
				MTL_ENABLE_DEBUG_INFO = INCLUDE_SOURCE;
				MTL_FAST_MATH = YES;
				ONLY_ACTIVE_ARCH = YES;
				OTHER_LDFLAGS = (
					"-I/usr/local/opt/opencv/include/opencv4",
					"-L/usr/local/opt/opencv/lib",
					"-lopencv_gapi",
					"-lopencv_stitching",
					"-lopencv_alphamat",
					"-lopencv_aruco",
					"-lopencv_barcode",
					"-lopencv_bgsegm",
					"-lopencv_bioinspired",
					"-lopencv_ccalib",
					"-lopencv_dnn_objdetect",
					"-lopencv_dnn_superres",
					"-lopencv_dpm",
					"-lopencv_face",
					"-lopencv_freetype",
					"-lopencv_fuzzy",
					"-lopencv_hfs",
					"-lopencv_img_hash",
					"-lopencv_intensity_transform",
					"-lopencv_line_descriptor",
					"-lopencv_mcc",
					"-lopencv_quality",
					"-lopencv_rapid",
					"-lopencv_reg",
					"-lopencv_rgbd",
					"-lopencv_saliency",
					"-lopencv_sfm",
					"-lopencv_stereo",
					"-lopencv_structured_light",
					"-lopencv_phase_unwrapping",
					"-lopencv_superres",
					"-lopencv_optflow",
					"-lopencv_surface_matching",
					"-lopencv_tracking",
					"-lopencv_highgui",
					"-lopencv_datasets",
					"-lopencv_text",
					"-lopencv_plot",
					"-lopencv_videostab",
					"-lopencv_videoio",
					"-lopencv_viz",
					"-lopencv_wechat_qrcode",
					"-lopencv_xfeatures2d",
					"-lopencv_shape",
					"-lopencv_ml",
					"-lopencv_ximgproc",
					"-lopencv_video",
					"-lopencv_xobjdetect",
					"-lopencv_objdetect",
					"-lopencv_calib3d",
					"-lopencv_imgcodecs",
					"-lopencv_features2d",
					"-lopencv_dnn",
					"-lopencv_flann",
					"-lopencv_xphoto",
					"-lopencv_photo",
					"-lopencv_imgproc",
					"-lopencv_core",
				);
				SDKROOT = macosx;
			};
			name = Debug;
		};
		977B7B162719B5A000689448 /* Release */ = {
			isa = XCBuildConfiguration;
			buildSettings = {
				ALWAYS_SEARCH_USER_PATHS = NO;
				CLANG_ANALYZER_NONNULL = YES;
				CLANG_ANALYZER_NUMBER_OBJECT_CONVERSION = YES_AGGRESSIVE;
				CLANG_CXX_LANGUAGE_STANDARD = "gnu++17";
				CLANG_CXX_LIBRARY = "libc++";
				CLANG_ENABLE_MODULES = YES;
				CLANG_ENABLE_OBJC_ARC = YES;
				CLANG_ENABLE_OBJC_WEAK = YES;
				CLANG_WARN_BLOCK_CAPTURE_AUTORELEASING = YES;
				CLANG_WARN_BOOL_CONVERSION = YES;
				CLANG_WARN_COMMA = YES;
				CLANG_WARN_CONSTANT_CONVERSION = YES;
				CLANG_WARN_DEPRECATED_OBJC_IMPLEMENTATIONS = YES;
				CLANG_WARN_DIRECT_OBJC_ISA_USAGE = YES_ERROR;
				CLANG_WARN_DOCUMENTATION_COMMENTS = YES;
				CLANG_WARN_EMPTY_BODY = YES;
				CLANG_WARN_ENUM_CONVERSION = YES;
				CLANG_WARN_INFINITE_RECURSION = YES;
				CLANG_WARN_INT_CONVERSION = YES;
				CLANG_WARN_NON_LITERAL_NULL_CONVERSION = YES;
				CLANG_WARN_OBJC_IMPLICIT_RETAIN_SELF = YES;
				CLANG_WARN_OBJC_LITERAL_CONVERSION = YES;
				CLANG_WARN_OBJC_ROOT_CLASS = YES_ERROR;
				CLANG_WARN_QUOTED_INCLUDE_IN_FRAMEWORK_HEADER = YES;
				CLANG_WARN_RANGE_LOOP_ANALYSIS = YES;
				CLANG_WARN_STRICT_PROTOTYPES = YES;
				CLANG_WARN_SUSPICIOUS_MOVE = YES;
				CLANG_WARN_UNGUARDED_AVAILABILITY = YES_AGGRESSIVE;
				CLANG_WARN_UNREACHABLE_CODE = YES;
				CLANG_WARN__DUPLICATE_METHOD_MATCH = YES;
				COPY_PHASE_STRIP = NO;
				CREATE_INFOPLIST_SECTION_IN_BINARY = YES;
				DEBUG_INFORMATION_FORMAT = "dwarf-with-dsym";
				ENABLE_NS_ASSERTIONS = NO;
				ENABLE_STRICT_OBJC_MSGSEND = YES;
				GCC_C_LANGUAGE_STANDARD = gnu11;
				GCC_NO_COMMON_BLOCKS = YES;
				GCC_WARN_64_TO_32_BIT_CONVERSION = YES;
				GCC_WARN_ABOUT_RETURN_TYPE = YES_ERROR;
				GCC_WARN_UNDECLARED_SELECTOR = YES;
				GCC_WARN_UNINITIALIZED_AUTOS = YES_AGGRESSIVE;
				GCC_WARN_UNUSED_FUNCTION = YES;
				GCC_WARN_UNUSED_VARIABLE = YES;
				HEADER_SEARCH_PATHS = "/usr/local/Cellar/opencv/4.5.4_1/include/**";
				INFOPLIST_FILE = TestOpenCV/Info.plist;
				MACOSX_DEPLOYMENT_TARGET = 11.3;
				MTL_ENABLE_DEBUG_INFO = NO;
				MTL_FAST_MATH = YES;
				SDKROOT = macosx;
			};
			name = Release;
		};
		977B7B182719B5A000689448 /* Debug */ = {
			isa = XCBuildConfiguration;
			buildSettings = {
				CODE_SIGN_STYLE = Automatic;
				CREATE_INFOPLIST_SECTION_IN_BINARY = YES;
				PRODUCT_NAME = "$(TARGET_NAME)";
			};
			name = Debug;
		};
		977B7B192719B5A000689448 /* Release */ = {
			isa = XCBuildConfiguration;
			buildSettings = {
				CODE_SIGN_STYLE = Automatic;
				CREATE_INFOPLIST_SECTION_IN_BINARY = YES;
				PRODUCT_NAME = "$(TARGET_NAME)";
			};
			name = Release;
		};
/* End XCBuildConfiguration section */

/* Begin XCConfigurationList section */
		977B7B0B2719B5A000689448 /* Build configuration list for PBXProject "TestOpenCV" */ = {
			isa = XCConfigurationList;
			buildConfigurations = (
				977B7B152719B5A000689448 /* Debug */,
				977B7B162719B5A000689448 /* Release */,
			);
			defaultConfigurationIsVisible = 0;
			defaultConfigurationName = Release;
		};
		977B7B172719B5A000689448 /* Build configuration list for PBXNativeTarget "TestOpenCV" */ = {
			isa = XCConfigurationList;
			buildConfigurations = (
				977B7B182719B5A000689448 /* Debug */,
				977B7B192719B5A000689448 /* Release */,
			);
			defaultConfigurationIsVisible = 0;
			defaultConfigurationName = Release;
		};
/* End XCConfigurationList section */
	};
	rootObject = 977B7B082719B5A000689448 /* Project object */;
}
